// !$*UTF8*$!
{
	archiveVersion = 1;
	classes = {
	};
	objectVersion = 55;
	objects = {

/* Begin PBXBuildFile section */
		AD04947729419D4D002BCBB6 /* AuthenticationModel.swift in Sources */ = {isa = PBXBuildFile; fileRef = AD04947629419D4D002BCBB6 /* AuthenticationModel.swift */; };
		AD0494792941A307002BCBB6 /* SubjectTableViewController.swift in Sources */ = {isa = PBXBuildFile; fileRef = AD0494782941A307002BCBB6 /* SubjectTableViewController.swift */; };
		AD04947B2941A339002BCBB6 /* TutorTableViewController.swift in Sources */ = {isa = PBXBuildFile; fileRef = AD04947A2941A339002BCBB6 /* TutorTableViewController.swift */; };
		AD04947D2941A37C002BCBB6 /* TutorDetailViewController.swift in Sources */ = {isa = PBXBuildFile; fileRef = AD04947C2941A37C002BCBB6 /* TutorDetailViewController.swift */; };
		AD04947F2941A433002BCBB6 /* SubjectTableViewCell.swift in Sources */ = {isa = PBXBuildFile; fileRef = AD04947E2941A433002BCBB6 /* SubjectTableViewCell.swift */; };
		AD0494812941A48A002BCBB6 /* TutorTableViewCell.swift in Sources */ = {isa = PBXBuildFile; fileRef = AD0494802941A48A002BCBB6 /* TutorTableViewCell.swift */; };
		AD0494852941A563002BCBB6 /* ProfileViewController.swift in Sources */ = {isa = PBXBuildFile; fileRef = AD0494842941A563002BCBB6 /* ProfileViewController.swift */; };
		AD0494872941A76E002BCBB6 /* SubjectModel.swift in Sources */ = {isa = PBXBuildFile; fileRef = AD0494862941A76E002BCBB6 /* SubjectModel.swift */; };
		AD04948D2941B70A002BCBB6 /* NewsTableViewController.swift in Sources */ = {isa = PBXBuildFile; fileRef = AD04948C2941B70A002BCBB6 /* NewsTableViewController.swift */; };
		AD04948F2941B729002BCBB6 /* NewsTableViewCell.swift in Sources */ = {isa = PBXBuildFile; fileRef = AD04948E2941B729002BCBB6 /* NewsTableViewCell.swift */; };
		AD0494932941B929002BCBB6 /* TutorModel.swift in Sources */ = {isa = PBXBuildFile; fileRef = AD0494922941B929002BCBB6 /* TutorModel.swift */; };
		AD3DCA402942B79100A1CAEA /* ArticleModel.swift in Sources */ = {isa = PBXBuildFile; fileRef = AD3DCA3F2942B79100A1CAEA /* ArticleModel.swift */; };
		AD3DCA422942C5C400A1CAEA /* SwiftyJSON.swift in Sources */ = {isa = PBXBuildFile; fileRef = AD3DCA412942C5C400A1CAEA /* SwiftyJSON.swift */; };
		ADF749FF2936EF9000977DE9 /* AppDelegate.swift in Sources */ = {isa = PBXBuildFile; fileRef = ADF749FE2936EF9000977DE9 /* AppDelegate.swift */; };
		ADF74A012936EF9000977DE9 /* SceneDelegate.swift in Sources */ = {isa = PBXBuildFile; fileRef = ADF74A002936EF9000977DE9 /* SceneDelegate.swift */; };
		ADF74A032936EF9000977DE9 /* ViewController.swift in Sources */ = {isa = PBXBuildFile; fileRef = ADF74A022936EF9000977DE9 /* ViewController.swift */; };
		ADF74A062936EF9000977DE9 /* Main.storyboard in Resources */ = {isa = PBXBuildFile; fileRef = ADF74A042936EF9000977DE9 /* Main.storyboard */; };
		ADF74A082936EF9200977DE9 /* Assets.xcassets in Resources */ = {isa = PBXBuildFile; fileRef = ADF74A072936EF9200977DE9 /* Assets.xcassets */; };
		ADF74A0B2936EF9200977DE9 /* LaunchScreen.storyboard in Resources */ = {isa = PBXBuildFile; fileRef = ADF74A092936EF9200977DE9 /* LaunchScreen.storyboard */; };
		ADF74A162936EF9200977DE9 /* StudentAssistantTests.swift in Sources */ = {isa = PBXBuildFile; fileRef = ADF74A152936EF9200977DE9 /* StudentAssistantTests.swift */; };
		ADF74A202936EF9200977DE9 /* StudentAssistantUITests.swift in Sources */ = {isa = PBXBuildFile; fileRef = ADF74A1F2936EF9200977DE9 /* StudentAssistantUITests.swift */; };
		ADF74A222936EF9200977DE9 /* StudentAssistantUITestsLaunchTests.swift in Sources */ = {isa = PBXBuildFile; fileRef = ADF74A212936EF9200977DE9 /* StudentAssistantUITestsLaunchTests.swift */; };
/* End PBXBuildFile section */

/* Begin PBXContainerItemProxy section */
		ADF74A122936EF9200977DE9 /* PBXContainerItemProxy */ = {
			isa = PBXContainerItemProxy;
			containerPortal = ADF749F32936EF8F00977DE9 /* Project object */;
			proxyType = 1;
			remoteGlobalIDString = ADF749FA2936EF9000977DE9;
			remoteInfo = StudentAssistant;
		};
		ADF74A1C2936EF9200977DE9 /* PBXContainerItemProxy */ = {
			isa = PBXContainerItemProxy;
			containerPortal = ADF749F32936EF8F00977DE9 /* Project object */;
			proxyType = 1;
			remoteGlobalIDString = ADF749FA2936EF9000977DE9;
			remoteInfo = StudentAssistant;
		};
/* End PBXContainerItemProxy section */

/* Begin PBXFileReference section */
		AD04947629419D4D002BCBB6 /* AuthenticationModel.swift */ = {isa = PBXFileReference; lastKnownFileType = sourcecode.swift; path = AuthenticationModel.swift; sourceTree = "<group>"; };
		AD0494782941A307002BCBB6 /* SubjectTableViewController.swift */ = {isa = PBXFileReference; lastKnownFileType = sourcecode.swift; path = SubjectTableViewController.swift; sourceTree = "<group>"; };
		AD04947A2941A339002BCBB6 /* TutorTableViewController.swift */ = {isa = PBXFileReference; lastKnownFileType = sourcecode.swift; path = TutorTableViewController.swift; sourceTree = "<group>"; };
		AD04947C2941A37C002BCBB6 /* TutorDetailViewController.swift */ = {isa = PBXFileReference; lastKnownFileType = sourcecode.swift; path = TutorDetailViewController.swift; sourceTree = "<group>"; };
		AD04947E2941A433002BCBB6 /* SubjectTableViewCell.swift */ = {isa = PBXFileReference; lastKnownFileType = sourcecode.swift; path = SubjectTableViewCell.swift; sourceTree = "<group>"; };
		AD0494802941A48A002BCBB6 /* TutorTableViewCell.swift */ = {isa = PBXFileReference; lastKnownFileType = sourcecode.swift; path = TutorTableViewCell.swift; sourceTree = "<group>"; };
		AD0494842941A563002BCBB6 /* ProfileViewController.swift */ = {isa = PBXFileReference; lastKnownFileType = sourcecode.swift; path = ProfileViewController.swift; sourceTree = "<group>"; };
		AD0494862941A76E002BCBB6 /* SubjectModel.swift */ = {isa = PBXFileReference; lastKnownFileType = sourcecode.swift; path = SubjectModel.swift; sourceTree = "<group>"; };
		AD04948C2941B70A002BCBB6 /* NewsTableViewController.swift */ = {isa = PBXFileReference; lastKnownFileType = sourcecode.swift; path = NewsTableViewController.swift; sourceTree = "<group>"; };
		AD04948E2941B729002BCBB6 /* NewsTableViewCell.swift */ = {isa = PBXFileReference; lastKnownFileType = sourcecode.swift; path = NewsTableViewCell.swift; sourceTree = "<group>"; };
		AD0494922941B929002BCBB6 /* TutorModel.swift */ = {isa = PBXFileReference; lastKnownFileType = sourcecode.swift; path = TutorModel.swift; sourceTree = "<group>"; };
		AD3DCA3F2942B79100A1CAEA /* ArticleModel.swift */ = {isa = PBXFileReference; lastKnownFileType = sourcecode.swift; path = ArticleModel.swift; sourceTree = "<group>"; };
		AD3DCA412942C5C400A1CAEA /* SwiftyJSON.swift */ = {isa = PBXFileReference; fileEncoding = 4; lastKnownFileType = sourcecode.swift; path = SwiftyJSON.swift; sourceTree = "<group>"; };
		ADF749FB2936EF9000977DE9 /* StudentAssistant.app */ = {isa = PBXFileReference; explicitFileType = wrapper.application; includeInIndex = 0; path = StudentAssistant.app; sourceTree = BUILT_PRODUCTS_DIR; };
		ADF749FE2936EF9000977DE9 /* AppDelegate.swift */ = {isa = PBXFileReference; lastKnownFileType = sourcecode.swift; path = AppDelegate.swift; sourceTree = "<group>"; };
		ADF74A002936EF9000977DE9 /* SceneDelegate.swift */ = {isa = PBXFileReference; lastKnownFileType = sourcecode.swift; path = SceneDelegate.swift; sourceTree = "<group>"; };
		ADF74A022936EF9000977DE9 /* ViewController.swift */ = {isa = PBXFileReference; lastKnownFileType = sourcecode.swift; path = ViewController.swift; sourceTree = "<group>"; };
		ADF74A052936EF9000977DE9 /* Base */ = {isa = PBXFileReference; lastKnownFileType = file.storyboard; name = Base; path = Base.lproj/Main.storyboard; sourceTree = "<group>"; };
		ADF74A072936EF9200977DE9 /* Assets.xcassets */ = {isa = PBXFileReference; lastKnownFileType = folder.assetcatalog; path = Assets.xcassets; sourceTree = "<group>"; };
		ADF74A0A2936EF9200977DE9 /* Base */ = {isa = PBXFileReference; lastKnownFileType = file.storyboard; name = Base; path = Base.lproj/LaunchScreen.storyboard; sourceTree = "<group>"; };
		ADF74A0C2936EF9200977DE9 /* Info.plist */ = {isa = PBXFileReference; lastKnownFileType = text.plist.xml; path = Info.plist; sourceTree = "<group>"; };
		ADF74A112936EF9200977DE9 /* StudentAssistantTests.xctest */ = {isa = PBXFileReference; explicitFileType = wrapper.cfbundle; includeInIndex = 0; path = StudentAssistantTests.xctest; sourceTree = BUILT_PRODUCTS_DIR; };
		ADF74A152936EF9200977DE9 /* StudentAssistantTests.swift */ = {isa = PBXFileReference; lastKnownFileType = sourcecode.swift; path = StudentAssistantTests.swift; sourceTree = "<group>"; };
		ADF74A1B2936EF9200977DE9 /* StudentAssistantUITests.xctest */ = {isa = PBXFileReference; explicitFileType = wrapper.cfbundle; includeInIndex = 0; path = StudentAssistantUITests.xctest; sourceTree = BUILT_PRODUCTS_DIR; };
		ADF74A1F2936EF9200977DE9 /* StudentAssistantUITests.swift */ = {isa = PBXFileReference; lastKnownFileType = sourcecode.swift; path = StudentAssistantUITests.swift; sourceTree = "<group>"; };
		ADF74A212936EF9200977DE9 /* StudentAssistantUITestsLaunchTests.swift */ = {isa = PBXFileReference; lastKnownFileType = sourcecode.swift; path = StudentAssistantUITestsLaunchTests.swift; sourceTree = "<group>"; };
/* End PBXFileReference section */

/* Begin PBXFrameworksBuildPhase section */
		ADF749F82936EF9000977DE9 /* Frameworks */ = {
			isa = PBXFrameworksBuildPhase;
			buildActionMask = 2147483647;
			files = (
			);
			runOnlyForDeploymentPostprocessing = 0;
		};
		ADF74A0E2936EF9200977DE9 /* Frameworks */ = {
			isa = PBXFrameworksBuildPhase;
			buildActionMask = 2147483647;
			files = (
			);
			runOnlyForDeploymentPostprocessing = 0;
		};
		ADF74A182936EF9200977DE9 /* Frameworks */ = {
			isa = PBXFrameworksBuildPhase;
			buildActionMask = 2147483647;
			files = (
			);
			runOnlyForDeploymentPostprocessing = 0;
		};
/* End PBXFrameworksBuildPhase section */

/* Begin PBXGroup section */
		ADF749F22936EF8F00977DE9 = {
			isa = PBXGroup;
			children = (
				ADF749FD2936EF9000977DE9 /* StudentAssistant */,
				ADF74A142936EF9200977DE9 /* StudentAssistantTests */,
				ADF74A1E2936EF9200977DE9 /* StudentAssistantUITests */,
				ADF749FC2936EF9000977DE9 /* Products */,
			);
			sourceTree = "<group>";
		};
		ADF749FC2936EF9000977DE9 /* Products */ = {
			isa = PBXGroup;
			children = (
				ADF749FB2936EF9000977DE9 /* StudentAssistant.app */,
				ADF74A112936EF9200977DE9 /* StudentAssistantTests.xctest */,
				ADF74A1B2936EF9200977DE9 /* StudentAssistantUITests.xctest */,
			);
			name = Products;
			sourceTree = "<group>";
		};
		ADF749FD2936EF9000977DE9 /* StudentAssistant */ = {
			isa = PBXGroup;
			children = (
				AD3DCA412942C5C400A1CAEA /* SwiftyJSON.swift */,
				ADF749FE2936EF9000977DE9 /* AppDelegate.swift */,
				ADF74A002936EF9000977DE9 /* SceneDelegate.swift */,
				ADF74A022936EF9000977DE9 /* ViewController.swift */,
				AD04947629419D4D002BCBB6 /* AuthenticationModel.swift */,
				AD04947A2941A339002BCBB6 /* TutorTableViewController.swift */,
				AD04947E2941A433002BCBB6 /* SubjectTableViewCell.swift */,
				AD0494802941A48A002BCBB6 /* TutorTableViewCell.swift */,
				ADF74A042936EF9000977DE9 /* Main.storyboard */,
				AD04948E2941B729002BCBB6 /* NewsTableViewCell.swift */,
				AD04948C2941B70A002BCBB6 /* NewsTableViewController.swift */,
				AD04947C2941A37C002BCBB6 /* TutorDetailViewController.swift */,
				AD0494862941A76E002BCBB6 /* SubjectModel.swift */,
				AD0494922941B929002BCBB6 /* TutorModel.swift */,
				AD0494842941A563002BCBB6 /* ProfileViewController.swift */,
				AD3DCA3F2942B79100A1CAEA /* ArticleModel.swift */,
				AD0494782941A307002BCBB6 /* SubjectTableViewController.swift */,
				ADF74A072936EF9200977DE9 /* Assets.xcassets */,
				ADF74A092936EF9200977DE9 /* LaunchScreen.storyboard */,
				ADF74A0C2936EF9200977DE9 /* Info.plist */,
			);
			path = StudentAssistant;
			sourceTree = "<group>";
		};
		ADF74A142936EF9200977DE9 /* StudentAssistantTests */ = {
			isa = PBXGroup;
			children = (
				ADF74A152936EF9200977DE9 /* StudentAssistantTests.swift */,
			);
			path = StudentAssistantTests;
			sourceTree = "<group>";
		};
		ADF74A1E2936EF9200977DE9 /* StudentAssistantUITests */ = {
			isa = PBXGroup;
			children = (
				ADF74A1F2936EF9200977DE9 /* StudentAssistantUITests.swift */,
				ADF74A212936EF9200977DE9 /* StudentAssistantUITestsLaunchTests.swift */,
			);
			path = StudentAssistantUITests;
			sourceTree = "<group>";
		};
/* End PBXGroup section */

/* Begin PBXNativeTarget section */
		ADF749FA2936EF9000977DE9 /* StudentAssistant */ = {
			isa = PBXNativeTarget;
			buildConfigurationList = ADF74A252936EF9200977DE9 /* Build configuration list for PBXNativeTarget "StudentAssistant" */;
			buildPhases = (
				ADF749F72936EF9000977DE9 /* Sources */,
				ADF749F82936EF9000977DE9 /* Frameworks */,
				ADF749F92936EF9000977DE9 /* Resources */,
			);
			buildRules = (
			);
			dependencies = (
			);
			name = StudentAssistant;
			productName = StudentAssistant;
			productReference = ADF749FB2936EF9000977DE9 /* StudentAssistant.app */;
			productType = "com.apple.product-type.application";
		};
		ADF74A102936EF9200977DE9 /* StudentAssistantTests */ = {
			isa = PBXNativeTarget;
			buildConfigurationList = ADF74A282936EF9200977DE9 /* Build configuration list for PBXNativeTarget "StudentAssistantTests" */;
			buildPhases = (
				ADF74A0D2936EF9200977DE9 /* Sources */,
				ADF74A0E2936EF9200977DE9 /* Frameworks */,
				ADF74A0F2936EF9200977DE9 /* Resources */,
			);
			buildRules = (
			);
			dependencies = (
				ADF74A132936EF9200977DE9 /* PBXTargetDependency */,
			);
			name = StudentAssistantTests;
			productName = StudentAssistantTests;
			productReference = ADF74A112936EF9200977DE9 /* StudentAssistantTests.xctest */;
			productType = "com.apple.product-type.bundle.unit-test";
		};
		ADF74A1A2936EF9200977DE9 /* StudentAssistantUITests */ = {
			isa = PBXNativeTarget;
			buildConfigurationList = ADF74A2B2936EF9200977DE9 /* Build configuration list for PBXNativeTarget "StudentAssistantUITests" */;
			buildPhases = (
				ADF74A172936EF9200977DE9 /* Sources */,
				ADF74A182936EF9200977DE9 /* Frameworks */,
				ADF74A192936EF9200977DE9 /* Resources */,
			);
			buildRules = (
			);
			dependencies = (
				ADF74A1D2936EF9200977DE9 /* PBXTargetDependency */,
			);
			name = StudentAssistantUITests;
			productName = StudentAssistantUITests;
			productReference = ADF74A1B2936EF9200977DE9 /* StudentAssistantUITests.xctest */;
			productType = "com.apple.product-type.bundle.ui-testing";
		};
/* End PBXNativeTarget section */

/* Begin PBXProject section */
		ADF749F32936EF8F00977DE9 /* Project object */ = {
			isa = PBXProject;
			attributes = {
				BuildIndependentTargetsInParallel = 1;
				LastSwiftUpdateCheck = 1340;
				LastUpgradeCheck = 1340;
				TargetAttributes = {
					ADF749FA2936EF9000977DE9 = {
						CreatedOnToolsVersion = 13.4.1;
					};
					ADF74A102936EF9200977DE9 = {
						CreatedOnToolsVersion = 13.4.1;
						TestTargetID = ADF749FA2936EF9000977DE9;
					};
					ADF74A1A2936EF9200977DE9 = {
						CreatedOnToolsVersion = 13.4.1;
						TestTargetID = ADF749FA2936EF9000977DE9;
					};
				};
			};
			buildConfigurationList = ADF749F62936EF8F00977DE9 /* Build configuration list for PBXProject "StudentAssistant" */;
			compatibilityVersion = "Xcode 13.0";
			developmentRegion = en;
			hasScannedForEncodings = 0;
			knownRegions = (
				en,
				Base,
			);
			mainGroup = ADF749F22936EF8F00977DE9;
			productRefGroup = ADF749FC2936EF9000977DE9 /* Products */;
			projectDirPath = "";
			projectRoot = "";
			targets = (
				ADF749FA2936EF9000977DE9 /* StudentAssistant */,
				ADF74A102936EF9200977DE9 /* StudentAssistantTests */,
				ADF74A1A2936EF9200977DE9 /* StudentAssistantUITests */,
			);
		};
/* End PBXProject section */

/* Begin PBXResourcesBuildPhase section */
		ADF749F92936EF9000977DE9 /* Resources */ = {
			isa = PBXResourcesBuildPhase;
			buildActionMask = 2147483647;
			files = (
				ADF74A0B2936EF9200977DE9 /* LaunchScreen.storyboard in Resources */,
				ADF74A082936EF9200977DE9 /* Assets.xcassets in Resources */,
				ADF74A062936EF9000977DE9 /* Main.storyboard in Resources */,
			);
			runOnlyForDeploymentPostprocessing = 0;
		};
		ADF74A0F2936EF9200977DE9 /* Resources */ = {
			isa = PBXResourcesBuildPhase;
			buildActionMask = 2147483647;
			files = (
			);
			runOnlyForDeploymentPostprocessing = 0;
		};
		ADF74A192936EF9200977DE9 /* Resources */ = {
			isa = PBXResourcesBuildPhase;
			buildActionMask = 2147483647;
			files = (
			);
			runOnlyForDeploymentPostprocessing = 0;
		};
/* End PBXResourcesBuildPhase section */

/* Begin PBXSourcesBuildPhase section */
		ADF749F72936EF9000977DE9 /* Sources */ = {
			isa = PBXSourcesBuildPhase;
			buildActionMask = 2147483647;
			files = (
				AD0494932941B929002BCBB6 /* TutorModel.swift in Sources */,
				AD3DCA402942B79100A1CAEA /* ArticleModel.swift in Sources */,
				AD0494812941A48A002BCBB6 /* TutorTableViewCell.swift in Sources */,
				AD04947B2941A339002BCBB6 /* TutorTableViewController.swift in Sources */,
				AD04948F2941B729002BCBB6 /* NewsTableViewCell.swift in Sources */,
				AD0494872941A76E002BCBB6 /* SubjectModel.swift in Sources */,
				AD04947F2941A433002BCBB6 /* SubjectTableViewCell.swift in Sources */,
				AD0494792941A307002BCBB6 /* SubjectTableViewController.swift in Sources */,
				AD04947D2941A37C002BCBB6 /* TutorDetailViewController.swift in Sources */,
				AD04948D2941B70A002BCBB6 /* NewsTableViewController.swift in Sources */,
				AD0494852941A563002BCBB6 /* ProfileViewController.swift in Sources */,
				AD3DCA422942C5C400A1CAEA /* SwiftyJSON.swift in Sources */,
				AD04947729419D4D002BCBB6 /* AuthenticationModel.swift in Sources */,
				ADF74A032936EF9000977DE9 /* ViewController.swift in Sources */,
				ADF749FF2936EF9000977DE9 /* AppDelegate.swift in Sources */,
				ADF74A012936EF9000977DE9 /* SceneDelegate.swift in Sources */,
			);
			runOnlyForDeploymentPostprocessing = 0;
		};
		ADF74A0D2936EF9200977DE9 /* Sources */ = {
			isa = PBXSourcesBuildPhase;
			buildActionMask = 2147483647;
			files = (
				ADF74A162936EF9200977DE9 /* StudentAssistantTests.swift in Sources */,
			);
			runOnlyForDeploymentPostprocessing = 0;
		};
		ADF74A172936EF9200977DE9 /* Sources */ = {
			isa = PBXSourcesBuildPhase;
			buildActionMask = 2147483647;
			files = (
				ADF74A202936EF9200977DE9 /* StudentAssistantUITests.swift in Sources */,
				ADF74A222936EF9200977DE9 /* StudentAssistantUITestsLaunchTests.swift in Sources */,
			);
			runOnlyForDeploymentPostprocessing = 0;
		};
/* End PBXSourcesBuildPhase section */

/* Begin PBXTargetDependency section */
		ADF74A132936EF9200977DE9 /* PBXTargetDependency */ = {
			isa = PBXTargetDependency;
			target = ADF749FA2936EF9000977DE9 /* StudentAssistant */;
			targetProxy = ADF74A122936EF9200977DE9 /* PBXContainerItemProxy */;
		};
		ADF74A1D2936EF9200977DE9 /* PBXTargetDependency */ = {
			isa = PBXTargetDependency;
			target = ADF749FA2936EF9000977DE9 /* StudentAssistant */;
			targetProxy = ADF74A1C2936EF9200977DE9 /* PBXContainerItemProxy */;
		};
/* End PBXTargetDependency section */

/* Begin PBXVariantGroup section */
		ADF74A042936EF9000977DE9 /* Main.storyboard */ = {
			isa = PBXVariantGroup;
			children = (
				ADF74A052936EF9000977DE9 /* Base */,
			);
			name = Main.storyboard;
			sourceTree = "<group>";
		};
		ADF74A092936EF9200977DE9 /* LaunchScreen.storyboard */ = {
			isa = PBXVariantGroup;
			children = (
				ADF74A0A2936EF9200977DE9 /* Base */,
			);
			name = LaunchScreen.storyboard;
			sourceTree = "<group>";
		};
/* End PBXVariantGroup section */

/* Begin XCBuildConfiguration section */
		ADF74A232936EF9200977DE9 /* Debug */ = {
			isa = XCBuildConfiguration;
			buildSettings = {
				ALWAYS_SEARCH_USER_PATHS = NO;
				CLANG_ANALYZER_NONNULL = YES;
				CLANG_ANALYZER_NUMBER_OBJECT_CONVERSION = YES_AGGRESSIVE;
				CLANG_CXX_LANGUAGE_STANDARD = "gnu++17";
				CLANG_ENABLE_MODULES = YES;
				CLANG_ENABLE_OBJC_ARC = YES;
				CLANG_ENABLE_OBJC_WEAK = YES;
				CLANG_WARN_BLOCK_CAPTURE_AUTORELEASING = YES;
				CLANG_WARN_BOOL_CONVERSION = YES;
				CLANG_WARN_COMMA = YES;
				CLANG_WARN_CONSTANT_CONVERSION = YES;
				CLANG_WARN_DEPRECATED_OBJC_IMPLEMENTATIONS = YES;
				CLANG_WARN_DIRECT_OBJC_ISA_USAGE = YES_ERROR;
				CLANG_WARN_DOCUMENTATION_COMMENTS = YES;
				CLANG_WARN_EMPTY_BODY = YES;
				CLANG_WARN_ENUM_CONVERSION = YES;
				CLANG_WARN_INFINITE_RECURSION = YES;
				CLANG_WARN_INT_CONVERSION = YES;
				CLANG_WARN_NON_LITERAL_NULL_CONVERSION = YES;
				CLANG_WARN_OBJC_IMPLICIT_RETAIN_SELF = YES;
				CLANG_WARN_OBJC_LITERAL_CONVERSION = YES;
				CLANG_WARN_OBJC_ROOT_CLASS = YES_ERROR;
				CLANG_WARN_QUOTED_INCLUDE_IN_FRAMEWORK_HEADER = YES;
				CLANG_WARN_RANGE_LOOP_ANALYSIS = YES;
				CLANG_WARN_STRICT_PROTOTYPES = YES;
				CLANG_WARN_SUSPICIOUS_MOVE = YES;
				CLANG_WARN_UNGUARDED_AVAILABILITY = YES_AGGRESSIVE;
				CLANG_WARN_UNREACHABLE_CODE = YES;
				CLANG_WARN__DUPLICATE_METHOD_MATCH = YES;
				COPY_PHASE_STRIP = NO;
				DEBUG_INFORMATION_FORMAT = dwarf;
				ENABLE_STRICT_OBJC_MSGSEND = YES;
				ENABLE_TESTABILITY = YES;
				GCC_C_LANGUAGE_STANDARD = gnu11;
				GCC_DYNAMIC_NO_PIC = NO;
				GCC_NO_COMMON_BLOCKS = YES;
				GCC_OPTIMIZATION_LEVEL = 0;
				GCC_PREPROCESSOR_DEFINITIONS = (
					"DEBUG=1",
					"$(inherited)",
				);
				GCC_WARN_64_TO_32_BIT_CONVERSION = YES;
				GCC_WARN_ABOUT_RETURN_TYPE = YES_ERROR;
				GCC_WARN_UNDECLARED_SELECTOR = YES;
				GCC_WARN_UNINITIALIZED_AUTOS = YES_AGGRESSIVE;
				GCC_WARN_UNUSED_FUNCTION = YES;
				GCC_WARN_UNUSED_VARIABLE = YES;
				IPHONEOS_DEPLOYMENT_TARGET = 15.5;
				MTL_ENABLE_DEBUG_INFO = INCLUDE_SOURCE;
				MTL_FAST_MATH = YES;
				ONLY_ACTIVE_ARCH = YES;
				SDKROOT = iphoneos;
				SWIFT_ACTIVE_COMPILATION_CONDITIONS = DEBUG;
				SWIFT_OPTIMIZATION_LEVEL = "-Onone";
			};
			name = Debug;
		};
		ADF74A242936EF9200977DE9 /* Release */ = {
			isa = XCBuildConfiguration;
			buildSettings = {
				ALWAYS_SEARCH_USER_PATHS = NO;
				CLANG_ANALYZER_NONNULL = YES;
				CLANG_ANALYZER_NUMBER_OBJECT_CONVERSION = YES_AGGRESSIVE;
				CLANG_CXX_LANGUAGE_STANDARD = "gnu++17";
				CLANG_ENABLE_MODULES = YES;
				CLANG_ENABLE_OBJC_ARC = YES;
				CLANG_ENABLE_OBJC_WEAK = YES;
				CLANG_WARN_BLOCK_CAPTURE_AUTORELEASING = YES;
				CLANG_WARN_BOOL_CONVERSION = YES;
				CLANG_WARN_COMMA = YES;
				CLANG_WARN_CONSTANT_CONVERSION = YES;
				CLANG_WARN_DEPRECATED_OBJC_IMPLEMENTATIONS = YES;
				CLANG_WARN_DIRECT_OBJC_ISA_USAGE = YES_ERROR;
				CLANG_WARN_DOCUMENTATION_COMMENTS = YES;
				CLANG_WARN_EMPTY_BODY = YES;
				CLANG_WARN_ENUM_CONVERSION = YES;
				CLANG_WARN_INFINITE_RECURSION = YES;
				CLANG_WARN_INT_CONVERSION = YES;
				CLANG_WARN_NON_LITERAL_NULL_CONVERSION = YES;
				CLANG_WARN_OBJC_IMPLICIT_RETAIN_SELF = YES;
				CLANG_WARN_OBJC_LITERAL_CONVERSION = YES;
				CLANG_WARN_OBJC_ROOT_CLASS = YES_ERROR;
				CLANG_WARN_QUOTED_INCLUDE_IN_FRAMEWORK_HEADER = YES;
				CLANG_WARN_RANGE_LOOP_ANALYSIS = YES;
				CLANG_WARN_STRICT_PROTOTYPES = YES;
				CLANG_WARN_SUSPICIOUS_MOVE = YES;
				CLANG_WARN_UNGUARDED_AVAILABILITY = YES_AGGRESSIVE;
				CLANG_WARN_UNREACHABLE_CODE = YES;
				CLANG_WARN__DUPLICATE_METHOD_MATCH = YES;
				COPY_PHASE_STRIP = NO;
				DEBUG_INFORMATION_FORMAT = "dwarf-with-dsym";
				ENABLE_NS_ASSERTIONS = NO;
				ENABLE_STRICT_OBJC_MSGSEND = YES;
				GCC_C_LANGUAGE_STANDARD = gnu11;
				GCC_NO_COMMON_BLOCKS = YES;
				GCC_WARN_64_TO_32_BIT_CONVERSION = YES;
				GCC_WARN_ABOUT_RETURN_TYPE = YES_ERROR;
				GCC_WARN_UNDECLARED_SELECTOR = YES;
				GCC_WARN_UNINITIALIZED_AUTOS = YES_AGGRESSIVE;
				GCC_WARN_UNUSED_FUNCTION = YES;
				GCC_WARN_UNUSED_VARIABLE = YES;
				IPHONEOS_DEPLOYMENT_TARGET = 15.5;
				MTL_ENABLE_DEBUG_INFO = NO;
				MTL_FAST_MATH = YES;
				SDKROOT = iphoneos;
				SWIFT_COMPILATION_MODE = wholemodule;
				SWIFT_OPTIMIZATION_LEVEL = "-O";
				VALIDATE_PRODUCT = YES;
			};
			name = Release;
		};
		ADF74A262936EF9200977DE9 /* Debug */ = {
			isa = XCBuildConfiguration;
			buildSettings = {
				ASSETCATALOG_COMPILER_APPICON_NAME = AppIcon;
				ASSETCATALOG_COMPILER_GLOBAL_ACCENT_COLOR_NAME = AccentColor;
				CODE_SIGN_STYLE = Automatic;
				CURRENT_PROJECT_VERSION = 1;
				DEVELOPMENT_TEAM = 77MS74BG3H;
				GENERATE_INFOPLIST_FILE = YES;
				INFOPLIST_FILE = StudentAssistant/Info.plist;
				INFOPLIST_KEY_UIApplicationSupportsIndirectInputEvents = YES;
				INFOPLIST_KEY_UILaunchStoryboardName = LaunchScreen;
				INFOPLIST_KEY_UIMainStoryboardFile = Main;
				INFOPLIST_KEY_UISupportedInterfaceOrientations_iPad = "UIInterfaceOrientationPortrait UIInterfaceOrientationPortraitUpsideDown UIInterfaceOrientationLandscapeLeft UIInterfaceOrientationLandscapeRight";
				INFOPLIST_KEY_UISupportedInterfaceOrientations_iPhone = "UIInterfaceOrientationPortrait UIInterfaceOrientationLandscapeLeft UIInterfaceOrientationLandscapeRight";
				LD_RUNPATH_SEARCH_PATHS = (
					"$(inherited)",
					"@executable_path/Frameworks",
				);
				MARKETING_VERSION = 1.0;
				PRODUCT_BUNDLE_IDENTIFIER = ca.georgian.saravjeetsingh.StudentAssistant;
				PRODUCT_NAME = "$(TARGET_NAME)";
				SWIFT_EMIT_LOC_STRINGS = YES;
				SWIFT_VERSION = 5.0;
				TARGETED_DEVICE_FAMILY = "1,2";
			};
			name = Debug;
		};
		ADF74A272936EF9200977DE9 /* Release */ = {
			isa = XCBuildConfiguration;
			buildSettings = {
				ASSETCATALOG_COMPILER_APPICON_NAME = AppIcon;
				ASSETCATALOG_COMPILER_GLOBAL_ACCENT_COLOR_NAME = AccentColor;
				CODE_SIGN_STYLE = Automatic;
				CURRENT_PROJECT_VERSION = 1;
				DEVELOPMENT_TEAM = 77MS74BG3H;
				GENERATE_INFOPLIST_FILE = YES;
				INFOPLIST_FILE = StudentAssistant/Info.plist;
				INFOPLIST_KEY_UIApplicationSupportsIndirectInputEvents = YES;
				INFOPLIST_KEY_UILaunchStoryboardName = LaunchScreen;
				INFOPLIST_KEY_UIMainStoryboardFile = Main;
				INFOPLIST_KEY_UISupportedInterfaceOrientations_iPad = "UIInterfaceOrientationPortrait UIInterfaceOrientationPortraitUpsideDown UIInterfaceOrientationLandscapeLeft UIInterfaceOrientationLandscapeRight";
				INFOPLIST_KEY_UISupportedInterfaceOrientations_iPhone = "UIInterfaceOrientationPortrait UIInterfaceOrientationLandscapeLeft UIInterfaceOrientationLandscapeRight";
				LD_RUNPATH_SEARCH_PATHS = (
					"$(inherited)",
					"@executable_path/Frameworks",
				);
				MARKETING_VERSION = 1.0;
				PRODUCT_BUNDLE_IDENTIFIER = ca.georgian.saravjeetsingh.StudentAssistant;
				PRODUCT_NAME = "$(TARGET_NAME)";
				SWIFT_EMIT_LOC_STRINGS = YES;
				SWIFT_VERSION = 5.0;
				TARGETED_DEVICE_FAMILY = "1,2";
			};
			name = Release;
		};
		ADF74A292936EF9200977DE9 /* Debug */ = {
			isa = XCBuildConfiguration;
			buildSettings = {
				ALWAYS_EMBED_SWIFT_STANDARD_LIBRARIES = YES;
				BUNDLE_LOADER = "$(TEST_HOST)";
				CODE_SIGN_STYLE = Automatic;
				CURRENT_PROJECT_VERSION = 1;
				DEVELOPMENT_TEAM = 77MS74BG3H;
				GENERATE_INFOPLIST_FILE = YES;
				IPHONEOS_DEPLOYMENT_TARGET = 15.5;
				MARKETING_VERSION = 1.0;
				PRODUCT_BUNDLE_IDENTIFIER = ca.georgian.saravjeetsingh.StudentAssistantTests;
				PRODUCT_NAME = "$(TARGET_NAME)";
				SWIFT_EMIT_LOC_STRINGS = NO;
				SWIFT_VERSION = 5.0;
				TARGETED_DEVICE_FAMILY = "1,2";
				TEST_HOST = "$(BUILT_PRODUCTS_DIR)/StudentAssistant.app/StudentAssistant";
			};
			name = Debug;
		};
		ADF74A2A2936EF9200977DE9 /* Release */ = {
			isa = XCBuildConfiguration;
			buildSettings = {
				ALWAYS_EMBED_SWIFT_STANDARD_LIBRARIES = YES;
				BUNDLE_LOADER = "$(TEST_HOST)";
				CODE_SIGN_STYLE = Automatic;
				CURRENT_PROJECT_VERSION = 1;
				DEVELOPMENT_TEAM = 77MS74BG3H;
				GENERATE_INFOPLIST_FILE = YES;
				IPHONEOS_DEPLOYMENT_TARGET = 15.5;
				MARKETING_VERSION = 1.0;
				PRODUCT_BUNDLE_IDENTIFIER = ca.georgian.saravjeetsingh.StudentAssistantTests;
				PRODUCT_NAME = "$(TARGET_NAME)";
				SWIFT_EMIT_LOC_STRINGS = NO;
				SWIFT_VERSION = 5.0;
				TARGETED_DEVICE_FAMILY = "1,2";
				TEST_HOST = "$(BUILT_PRODUCTS_DIR)/StudentAssistant.app/StudentAssistant";
			};
			name = Release;
		};
		ADF74A2C2936EF9200977DE9 /* Debug */ = {
			isa = XCBuildConfiguration;
			buildSettings = {
				ALWAYS_EMBED_SWIFT_STANDARD_LIBRARIES = YES;
				CODE_SIGN_STYLE = Automatic;
				CURRENT_PROJECT_VERSION = 1;
				DEVELOPMENT_TEAM = 77MS74BG3H;
				GENERATE_INFOPLIST_FILE = YES;
				MARKETING_VERSION = 1.0;
				PRODUCT_BUNDLE_IDENTIFIER = ca.georgian.saravjeetsingh.StudentAssistantUITests;
				PRODUCT_NAME = "$(TARGET_NAME)";
				SWIFT_EMIT_LOC_STRINGS = NO;
				SWIFT_VERSION = 5.0;
				TARGETED_DEVICE_FAMILY = "1,2";
				TEST_TARGET_NAME = StudentAssistant;
			};
			name = Debug;
		};
		ADF74A2D2936EF9200977DE9 /* Release */ = {
			isa = XCBuildConfiguration;
			buildSettings = {
				ALWAYS_EMBED_SWIFT_STANDARD_LIBRARIES = YES;
				CODE_SIGN_STYLE = Automatic;
				CURRENT_PROJECT_VERSION = 1;
				DEVELOPMENT_TEAM = 77MS74BG3H;
				GENERATE_INFOPLIST_FILE = YES;
				MARKETING_VERSION = 1.0;
				PRODUCT_BUNDLE_IDENTIFIER = ca.georgian.saravjeetsingh.StudentAssistantUITests;
				PRODUCT_NAME = "$(TARGET_NAME)";
				SWIFT_EMIT_LOC_STRINGS = NO;
				SWIFT_VERSION = 5.0;
				TARGETED_DEVICE_FAMILY = "1,2";
				TEST_TARGET_NAME = StudentAssistant;
			};
			name = Release;
		};
/* End XCBuildConfiguration section */

/* Begin XCConfigurationList section */
		ADF749F62936EF8F00977DE9 /* Build configuration list for PBXProject "StudentAssistant" */ = {
			isa = XCConfigurationList;
			buildConfigurations = (
				ADF74A232936EF9200977DE9 /* Debug */,
				ADF74A242936EF9200977DE9 /* Release */,
			);
			defaultConfigurationIsVisible = 0;
			defaultConfigurationName = Release;
		};
		ADF74A252936EF9200977DE9 /* Build configuration list for PBXNativeTarget "StudentAssistant" */ = {
			isa = XCConfigurationList;
			buildConfigurations = (
				ADF74A262936EF9200977DE9 /* Debug */,
				ADF74A272936EF9200977DE9 /* Release */,
			);
			defaultConfigurationIsVisible = 0;
			defaultConfigurationName = Release;
		};
		ADF74A282936EF9200977DE9 /* Build configuration list for PBXNativeTarget "StudentAssistantTests" */ = {
			isa = XCConfigurationList;
			buildConfigurations = (
				ADF74A292936EF9200977DE9 /* Debug */,
				ADF74A2A2936EF9200977DE9 /* Release */,
			);
			defaultConfigurationIsVisible = 0;
			defaultConfigurationName = Release;
		};
		ADF74A2B2936EF9200977DE9 /* Build configuration list for PBXNativeTarget "StudentAssistantUITests" */ = {
			isa = XCConfigurationList;
			buildConfigurations = (
				ADF74A2C2936EF9200977DE9 /* Debug */,
				ADF74A2D2936EF9200977DE9 /* Release */,
			);
			defaultConfigurationIsVisible = 0;
			defaultConfigurationName = Release;
		};
/* End XCConfigurationList section */
	};
	rootObject = ADF749F32936EF8F00977DE9 /* Project object */;
}
